hash: e45b374d9f4c0140a21fe3a3ba30b9607fb07071a1a429f445044becb75ef215
updated: 2017-03-26T02:25:08.321100344+08:00
imports:
- name: github.com/a8m/djson
  version: 4dd87732b87f9c7eb3665ebc086feed76a85c6c8
testImports:
- name: github.com/davecgh/go-spew
  version: 6d212800a42e8ab5c146b8ace3490ee17e5225f9
  subpackages:
  - spew
- name: github.com/pmezard/go-difflib
  version: d8ed2627bdf02c080bf22230dbb337003b7aba2d
  subpackages:
  - difflib
- name: github.com/stretchr/testify
  version: 69483b4bd14f5845b5a1e55bca19e954e827f1d0
  subpackages:
  - assert
- name: github.com/yuin/gopher-lua
  version: 65fb8eeb2aa6d29a7b654d61afd1a07ce3897cc9
  subpackages:
  - ast
  - parse
  - pm
- name: golang.org/x/net
  version: 6c23252515492caf9b228a9d5cabcdbde29f7f82
  subpackages:
  - context
